{
  "requires": true,
  "lockfileVersion": 1,
  "dependencies": {
    "@tencentcloud/call-uikit-vue2": {
      "version": "2.1.0",
      "resolved": "https://registry.npmmirror.com/@tencentcloud/call-uikit-vue2/-/call-uikit-vue2-2.1.0.tgz",
      "integrity": "sha512-6PiGomy0q2S7sm48Y3sqqVXeDgi3RDP7kyjIOcn1VxzZvzYWaV02hUbSSUJo33RBLhqHowewE9gKNNsOjBekeA==",
      "requires": {
        "tim-js-sdk": "^2.26.6",
        "trtc-js-sdk": "^4.15.6",
        "tsignaling": "^1.0.5",
        "tuicall-engine-webrtc": "^1.3.9"
      }
    },
    "rtc-ai-denoiser": {
      "version": "1.1.3",
      "resolved": "https://registry.npmmirror.com/rtc-ai-denoiser/-/rtc-ai-denoiser-1.1.3.tgz",
      "integrity": "sha512-U2e3JsBvaOibdUolgW8Bfqv7Xe12ApsKk48lVecjC4MVmx4tUxS8un6EzMl5PLAZH+6oBfekzevzBF+5gHynNA=="
    },
    "tim-js-sdk": {
      "version": "2.27.3",
      "resolved": "https://registry.npmmirror.com/tim-js-sdk/-/tim-js-sdk-2.27.3.tgz",
      "integrity": "sha512-REwgC6yKfcPo05MjufWqcIcvKfG4ZszI64m4GOiBxqB9icCqQIEN1YQ37OpdPY/xyaa6DFHhDiJ8ds6NsJT/ew=="
    },
    "trtc-js-sdk": {
      "version": "4.15.8",
      "resolved": "https://registry.npmmirror.com/trtc-js-sdk/-/trtc-js-sdk-4.15.8.tgz",
      "integrity": "sha512-xscUhsUVTszNh4BSv/iXbywRo4Kh6Ij76gS+79LTih+tBm7jy0ws1AkEEajB724wfsman6ITUbfpyBbIyb+Qiw=="
    },
    "tsignaling": {
      "version": "1.0.6",
      "resolved": "https://registry.npmmirror.com/tsignaling/-/tsignaling-1.0.6.tgz",
      "integrity": "sha512-TUJ7PJJxj+WBEjGFHsIN9TfdN3PJlCcQ74GKIjus19XnRv4o+dzzbcnCuIkk+BhcHsFHW3sMaC9oUMdJ2KKsOw=="
    },
    "tuicall-engine-webrtc": {
      "version": "1.4.4",
      "resolved": "https://registry.npmmirror.com/tuicall-engine-webrtc/-/tuicall-engine-webrtc-1.4.4.tgz",
      "integrity": "sha512-dNAk0aeQ5+qwt/4XGqFBwl26D36fBvTi7gvhjxehZh+mVDmmeEe216dgzi2IZ1Lpka+xKDZd5WyV92qj+hDOqQ==",
      "requires": {
        "rtc-ai-denoiser": "^1.1.3"
      }
    }
  }
}
